
Microsoft Visual Studio Solution File, Format Version 12.00
# Visual Studio Version 17
VisualStudioVersion = 17.2.32630.192
MinimumVisualStudioVersion = 10.0.40219.1
Project("{9A19103F-16F7-4668-BE54-9A1E7A4F7556}") = "ExemploDeRecursividade", "ExemploDeRecursividade\ExemploDeRecursividade.csproj", "{DFCC335E-AA84-4657-996B-0026AA0A7A16}"
EndProject
Project("{2150E333-8FDC-42A3-9474-1A3956D46DE8}") = "ExemploRecursividade", "ExemploRecursividade", "{27BA55A7-43EB-452A-AF22-4582852DCEE5}"
EndProject
Project("{2150E333-8FDC-42A3-9474-1A3956D46DE8}") = "ConsoleApp_Locadora", "ConsoleApp_Locadora", "{6EE460EE-2790-4187-8FB0-F8D81B6EB511}"
EndProject
Project("{9A19103F-16F7-4668-BE54-9A1E7A4F7556}") = "Locadora", "Locadora\Locadora.csproj", "{896D018B-F2D6-43E8-95B4-0BDD807BFA74}"
EndProject
Project("{2150E333-8FDC-42A3-9474-1A3956D46DE8}") = "ExemploBlockchain", "ExemploBlockchain", "{2E59DF67-77E9-44E4-BB61-0E383B8D9B33}"
EndProject
Project("{FAE04EC0-301F-11D3-BF4B-00C04F79EFBC}") = "MineBlockchain", "MineBlockchain\MineBlockchain.csproj", "{27C1EB28-82B0-4481-8DCC-4AD8F44AB9E4}"
EndProject
Global
	GlobalSection(SolutionConfigurationPlatforms) = preSolution
		Debug|Any CPU = Debug|Any CPU
		Release|Any CPU = Release|Any CPU
	EndGlobalSection
	GlobalSection(ProjectConfigurationPlatforms) = postSolution
		{DFCC335E-AA84-4657-996B-0026AA0A7A16}.Debug|Any CPU.ActiveCfg = Debug|Any CPU
		{DFCC335E-AA84-4657-996B-0026AA0A7A16}.Debug|Any CPU.Build.0 = Debug|Any CPU
		{DFCC335E-AA84-4657-996B-0026AA0A7A16}.Release|Any CPU.ActiveCfg = Release|Any CPU
		{DFCC335E-AA84-4657-996B-0026AA0A7A16}.Release|Any CPU.Build.0 = Release|Any CPU
		{896D018B-F2D6-43E8-95B4-0BDD807BFA74}.Debug|Any CPU.ActiveCfg = Debug|Any CPU
		{896D018B-F2D6-43E8-95B4-0BDD807BFA74}.Debug|Any CPU.Build.0 = Debug|Any CPU
		{896D018B-F2D6-43E8-95B4-0BDD807BFA74}.Release|Any CPU.ActiveCfg = Release|Any CPU
		{896D018B-F2D6-43E8-95B4-0BDD807BFA74}.Release|Any CPU.Build.0 = Release|Any CPU
		{27C1EB28-82B0-4481-8DCC-4AD8F44AB9E4}.Debug|Any CPU.ActiveCfg = Debug|Any CPU
		{27C1EB28-82B0-4481-8DCC-4AD8F44AB9E4}.Debug|Any CPU.Build.0 = Debug|Any CPU
		{27C1EB28-82B0-4481-8DCC-4AD8F44AB9E4}.Release|Any CPU.ActiveCfg = Release|Any CPU
		{27C1EB28-82B0-4481-8DCC-4AD8F44AB9E4}.Release|Any CPU.Build.0 = Release|Any CPU
	EndGlobalSection
	GlobalSection(SolutionProperties) = preSolution
		HideSolutionNode = FALSE
	EndGlobalSection
	GlobalSection(NestedProjects) = preSolution
		{DFCC335E-AA84-4657-996B-0026AA0A7A16} = {27BA55A7-43EB-452A-AF22-4582852DCEE5}
		{896D018B-F2D6-43E8-95B4-0BDD807BFA74} = {6EE460EE-2790-4187-8FB0-F8D81B6EB511}
		{27C1EB28-82B0-4481-8DCC-4AD8F44AB9E4} = {2E59DF67-77E9-44E4-BB61-0E383B8D9B33}
	EndGlobalSection
	GlobalSection(ExtensibilityGlobals) = postSolution
		SolutionGuid = {15A59441-E797-4743-A49A-8168566CEEFE}
	EndGlobalSection
EndGlobal
