
Microsoft Visual Studio Solution File, Format Version 12.00
# Visual Studio Version 17
VisualStudioVersion = 17.2.32630.192
MinimumVisualStudioVersion = 10.0.40219.1
Project("{9A19103F-16F7-4668-BE54-9A1E7A4F7556}") = "ExemploDeRecursividade", "ExemploDeRecursividade\ExemploDeRecursividade.csproj", "{DFCC335E-AA84-4657-996B-0026AA0A7A16}"
EndProject
Project("{2150E333-8FDC-42A3-9474-1A3956D46DE8}") = "ExemploRecursividade", "ExemploRecursividade", "{27BA55A7-43EB-452A-AF22-4582852DCEE5}"
EndProject
Project("{2150E333-8FDC-42A3-9474-1A3956D46DE8}") = "ConsoleApp_Locadora", "ConsoleApp_Locadora", "{6EE460EE-2790-4187-8FB0-F8D81B6EB511}"
EndProject
Project("{9A19103F-16F7-4668-BE54-9A1E7A4F7556}") = "Locadora", "Locadora\Locadora.csproj", "{896D018B-F2D6-43E8-95B4-0BDD807BFA74}"
EndProject
Project("{2150E333-8FDC-42A3-9474-1A3956D46DE8}") = "ExemploBlockchain", "ExemploBlockchain", "{2E59DF67-77E9-44E4-BB61-0E383B8D9B33}"
EndProject
Project("{FAE04EC0-301F-11D3-BF4B-00C04F79EFBC}") = "MineBlockchain", "MineBlockchain\MineBlockchain.csproj", "{27C1EB28-82B0-4481-8DCC-4AD8F44AB9E4}"
EndProject
Project("{2150E333-8FDC-42A3-9474-1A3956D46DE8}") = "PrincipioSOLID", "PrincipioSOLID", "{D599BB40-A029-4E5F-ADB1-F368F075CDCF}"
EndProject
Project("{9A19103F-16F7-4668-BE54-9A1E7A4F7556}") = "Desig.PattersPrincipio.S.O.L.I.D", "Console.Principio.S.O.L.I.D\Desig.PattersPrincipio.S.O.L.I.D.csproj", "{921FAFCC-97C2-427B-B20F-4775D050CEBF}"
EndProject
Project("{2150E333-8FDC-42A3-9474-1A3956D46DE8}") = "PacManConsole", "PacManConsole", "{7EBC08BD-160D-4477-8824-E0A9BDC2E433}"
EndProject
Project("{FAE04EC0-301F-11D3-BF4B-00C04F79EFBC}") = "PacMan", "PacMan\PacMan.csproj", "{BAF4AED5-AD61-43F5-BED9-E7B35A7EC4AE}"
EndProject
Project("{2150E333-8FDC-42A3-9474-1A3956D46DE8}") = "GenerateQRCode", "GenerateQRCode", "{DED23F2E-B81D-4225-8E73-8D2D13C94636}"
EndProject
Project("{9A19103F-16F7-4668-BE54-9A1E7A4F7556}") = "API.Genetator.QRCode", "API.Genetator.QRCode\API.Genetator.QRCode.csproj", "{5452AD78-FF78-4770-8FF7-0DD85C88EB54}"
EndProject
Project("{2150E333-8FDC-42A3-9474-1A3956D46DE8}") = "ClassTaskUnderstanding", "ClassTaskUnderstanding", "{BB617A56-1538-493C-97DC-226CCDAED8CD}"
EndProject
Project("{FAE04EC0-301F-11D3-BF4B-00C04F79EFBC}") = "UnderstandingClassTask", "UnderstandingClassTask\UnderstandingClassTask.csproj", "{F05A9E29-520B-45CF-A124-A3EE2EE25E0A}"
EndProject
Project("{2150E333-8FDC-42A3-9474-1A3956D46DE8}") = "FinancialHub", "FinancialHub", "{70800C7F-7D76-4D74-9D2C-FD4167AAC2C8}"
EndProject
Project("{2150E333-8FDC-42A3-9474-1A3956D46DE8}") = "MyFinancialHub", "MyFinancialHub", "{7EBD15A5-FB01-4D6B-BCAC-3AA0DA335F8B}"
EndProject
Project("{9A19103F-16F7-4668-BE54-9A1E7A4F7556}") = "FinancialHub.WebApplic", "FinancialHub.WebApplic\FinancialHub.WebApplic.csproj", "{1613A50C-4627-4DAF-BF9B-281F04FDFFAA}"
EndProject
Project("{FAE04EC0-301F-11D3-BF4B-00C04F79EFBC}") = "FinancialHub.Service", "FinancialHub.Service\FinancialHub.Service.csproj", "{8C43FCCB-EAA8-4520-B4CA-96FC3ABD4399}"
EndProject
Project("{FAE04EC0-301F-11D3-BF4B-00C04F79EFBC}") = "FinancialHub.Data", "FinancialHub.Data\FinancialHub.Data.csproj", "{1C3E35E0-185E-47B2-A6C1-945D0CE9DF9F}"
EndProject
Project("{FAE04EC0-301F-11D3-BF4B-00C04F79EFBC}") = "FinancialHub.Domain", "FinancialHub.Domain\FinancialHub.Domain.csproj", "{0E6DC316-BDEF-4764-B0B4-3325ABD1691A}"
EndProject
Project("{2150E333-8FDC-42A3-9474-1A3956D46DE8}") = "TestNUnit", "TestNUnit", "{8804A263-58D4-482E-B215-D1262BD301A4}"
EndProject
Project("{9A19103F-16F7-4668-BE54-9A1E7A4F7556}") = "FinancialHub.WebApplic.Test", "FinancialHub.WebApplic.Test\FinancialHub.WebApplic.Test.csproj", "{D59DEBBD-1697-4B7E-8E38-3DA2B9FADEB2}"
EndProject
Project("{9A19103F-16F7-4668-BE54-9A1E7A4F7556}") = "FinancialHub.Service.Test", "FinancialHub.Service.Test\FinancialHub.Service.Test.csproj", "{67048C6C-4D2A-46A7-BBC8-7B1408523235}"
EndProject
Project("{9A19103F-16F7-4668-BE54-9A1E7A4F7556}") = "FinancialHub.Integration.Test", "FinancialHub.Integration.Test\FinancialHub.Integration.Test.csproj", "{3701EC13-F4ED-4322-A9D2-075E0011B5D1}"
EndProject
Project("{9A19103F-16F7-4668-BE54-9A1E7A4F7556}") = "FinancialHub.Data.Test", "FinancialHub.Data.Test\FinancialHub.Data.Test.csproj", "{5A0B6835-ADD7-4776-847B-B2F756EFFCA9}"
EndProject
Project("{9A19103F-16F7-4668-BE54-9A1E7A4F7556}") = "FinancialHub.Domain.Test", "FinancialHub.Domain.Test\FinancialHub.Domain.Test.csproj", "{8E43B17B-4A2C-43D2-B9E8-E9A488D85596}"
EndProject
Project("{FAE04EC0-301F-11D3-BF4B-00C04F79EFBC}") = "FinancialHub.Infra.Data", "FinancialHub.Infra.Data\FinancialHub.Infra.Data.csproj", "{62A8A5DB-B36C-4C43-8C63-9815F42AF42F}"
EndProject
Project("{2150E333-8FDC-42A3-9474-1A3956D46DE8}") = "BotDiscord.NET", "BotDiscord.NET", "{E297637E-93DC-4C40-8E26-78FD907EAC8E}"
EndProject
Project("{FAE04EC0-301F-11D3-BF4B-00C04F79EFBC}") = "GeneratePrimeNumbers", "GeneratePrimeNumbers\GeneratePrimeNumbers.csproj", "{6FA580BB-8220-425D-87A7-E2F454A1B2CE}"
EndProject
Project("{2150E333-8FDC-42A3-9474-1A3956D46DE8}") = "MediatRUsando API.NET", "MediatRUsando API.NET", "{FBDF1CCE-B759-4AF0-B555-705C316E2593}"
EndProject
Project("{9A19103F-16F7-4668-BE54-9A1E7A4F7556}") = "CQRSandMediatR", "CQRSandMediatR\CQRSandMediatR.csproj", "{30F81937-DE69-442F-B08F-D6DBA57EF437}"
EndProject
Project("{9A19103F-16F7-4668-BE54-9A1E7A4F7556}") = "GenerateQRCode", "GenerateQRCode\GenerateQRCode.csproj", "{B30C98FC-E9F4-47E0-9FEB-F98A5282A69C}"
EndProject
Project("{2150E333-8FDC-42A3-9474-1A3956D46DE8}") = "AlgorithmsBinaryTree", "AlgorithmsBinaryTree", "{2EF372E2-E481-40CE-AC18-9318FC5B72CB}"
EndProject
Project("{9A19103F-16F7-4668-BE54-9A1E7A4F7556}") = "CompareBinaryTree", "CompareBinaryTree\CompareBinaryTree.csproj", "{EDBC2C48-794C-4F35-A147-ABDEF4B28B9A}"
EndProject
Project("{2150E333-8FDC-42A3-9474-1A3956D46DE8}") = "DemoTelemetria", "DemoTelemetria", "{9740EA29-DBB0-4129-AD55-A42843D38AB4}"
EndProject
Project("{9A19103F-16F7-4668-BE54-9A1E7A4F7556}") = "TelemetriaWithCSharp", "TelemetriaWithCSharp\TelemetriaWithCSharp.csproj", "{07CD9158-B325-4579-9F28-D5CC8D60DEED}"
EndProject
Project("{2150E333-8FDC-42A3-9474-1A3956D46DE8}") = "GameForca", "GameForca", "{6583CED9-C7F1-4A32-88ED-546AFF9C4014}"
EndProject
Project("{FAE04EC0-301F-11D3-BF4B-00C04F79EFBC}") = "Forca", "Damas\Forca.csproj", "{48AC42EE-A1E9-46B7-B420-4EFD12D7446A}"
EndProject
Global
	GlobalSection(SolutionConfigurationPlatforms) = preSolution
		Debug|Any CPU = Debug|Any CPU
		Release|Any CPU = Release|Any CPU
	EndGlobalSection
	GlobalSection(ProjectConfigurationPlatforms) = postSolution
		{DFCC335E-AA84-4657-996B-0026AA0A7A16}.Debug|Any CPU.ActiveCfg = Debug|Any CPU
		{DFCC335E-AA84-4657-996B-0026AA0A7A16}.Debug|Any CPU.Build.0 = Debug|Any CPU
		{DFCC335E-AA84-4657-996B-0026AA0A7A16}.Release|Any CPU.ActiveCfg = Release|Any CPU
		{DFCC335E-AA84-4657-996B-0026AA0A7A16}.Release|Any CPU.Build.0 = Release|Any CPU
		{896D018B-F2D6-43E8-95B4-0BDD807BFA74}.Debug|Any CPU.ActiveCfg = Debug|Any CPU
		{896D018B-F2D6-43E8-95B4-0BDD807BFA74}.Debug|Any CPU.Build.0 = Debug|Any CPU
		{896D018B-F2D6-43E8-95B4-0BDD807BFA74}.Release|Any CPU.ActiveCfg = Release|Any CPU
		{896D018B-F2D6-43E8-95B4-0BDD807BFA74}.Release|Any CPU.Build.0 = Release|Any CPU
		{27C1EB28-82B0-4481-8DCC-4AD8F44AB9E4}.Debug|Any CPU.ActiveCfg = Debug|Any CPU
		{27C1EB28-82B0-4481-8DCC-4AD8F44AB9E4}.Debug|Any CPU.Build.0 = Debug|Any CPU
		{27C1EB28-82B0-4481-8DCC-4AD8F44AB9E4}.Release|Any CPU.ActiveCfg = Release|Any CPU
		{27C1EB28-82B0-4481-8DCC-4AD8F44AB9E4}.Release|Any CPU.Build.0 = Release|Any CPU
		{921FAFCC-97C2-427B-B20F-4775D050CEBF}.Debug|Any CPU.ActiveCfg = Debug|Any CPU
		{921FAFCC-97C2-427B-B20F-4775D050CEBF}.Debug|Any CPU.Build.0 = Debug|Any CPU
		{921FAFCC-97C2-427B-B20F-4775D050CEBF}.Release|Any CPU.ActiveCfg = Release|Any CPU
		{921FAFCC-97C2-427B-B20F-4775D050CEBF}.Release|Any CPU.Build.0 = Release|Any CPU
		{BAF4AED5-AD61-43F5-BED9-E7B35A7EC4AE}.Debug|Any CPU.ActiveCfg = Debug|Any CPU
		{BAF4AED5-AD61-43F5-BED9-E7B35A7EC4AE}.Debug|Any CPU.Build.0 = Debug|Any CPU
		{BAF4AED5-AD61-43F5-BED9-E7B35A7EC4AE}.Release|Any CPU.ActiveCfg = Release|Any CPU
		{BAF4AED5-AD61-43F5-BED9-E7B35A7EC4AE}.Release|Any CPU.Build.0 = Release|Any CPU
		{5452AD78-FF78-4770-8FF7-0DD85C88EB54}.Debug|Any CPU.ActiveCfg = Debug|Any CPU
		{5452AD78-FF78-4770-8FF7-0DD85C88EB54}.Debug|Any CPU.Build.0 = Debug|Any CPU
		{5452AD78-FF78-4770-8FF7-0DD85C88EB54}.Release|Any CPU.ActiveCfg = Release|Any CPU
		{5452AD78-FF78-4770-8FF7-0DD85C88EB54}.Release|Any CPU.Build.0 = Release|Any CPU
		{F05A9E29-520B-45CF-A124-A3EE2EE25E0A}.Debug|Any CPU.ActiveCfg = Debug|Any CPU
		{F05A9E29-520B-45CF-A124-A3EE2EE25E0A}.Debug|Any CPU.Build.0 = Debug|Any CPU
		{F05A9E29-520B-45CF-A124-A3EE2EE25E0A}.Release|Any CPU.ActiveCfg = Release|Any CPU
		{F05A9E29-520B-45CF-A124-A3EE2EE25E0A}.Release|Any CPU.Build.0 = Release|Any CPU
		{1613A50C-4627-4DAF-BF9B-281F04FDFFAA}.Debug|Any CPU.ActiveCfg = Debug|Any CPU
		{1613A50C-4627-4DAF-BF9B-281F04FDFFAA}.Debug|Any CPU.Build.0 = Debug|Any CPU
		{1613A50C-4627-4DAF-BF9B-281F04FDFFAA}.Release|Any CPU.ActiveCfg = Release|Any CPU
		{1613A50C-4627-4DAF-BF9B-281F04FDFFAA}.Release|Any CPU.Build.0 = Release|Any CPU
		{8C43FCCB-EAA8-4520-B4CA-96FC3ABD4399}.Debug|Any CPU.ActiveCfg = Debug|Any CPU
		{8C43FCCB-EAA8-4520-B4CA-96FC3ABD4399}.Debug|Any CPU.Build.0 = Debug|Any CPU
		{8C43FCCB-EAA8-4520-B4CA-96FC3ABD4399}.Release|Any CPU.ActiveCfg = Release|Any CPU
		{8C43FCCB-EAA8-4520-B4CA-96FC3ABD4399}.Release|Any CPU.Build.0 = Release|Any CPU
		{1C3E35E0-185E-47B2-A6C1-945D0CE9DF9F}.Debug|Any CPU.ActiveCfg = Debug|Any CPU
		{1C3E35E0-185E-47B2-A6C1-945D0CE9DF9F}.Debug|Any CPU.Build.0 = Debug|Any CPU
		{1C3E35E0-185E-47B2-A6C1-945D0CE9DF9F}.Release|Any CPU.ActiveCfg = Release|Any CPU
		{1C3E35E0-185E-47B2-A6C1-945D0CE9DF9F}.Release|Any CPU.Build.0 = Release|Any CPU
		{0E6DC316-BDEF-4764-B0B4-3325ABD1691A}.Debug|Any CPU.ActiveCfg = Debug|Any CPU
		{0E6DC316-BDEF-4764-B0B4-3325ABD1691A}.Debug|Any CPU.Build.0 = Debug|Any CPU
		{0E6DC316-BDEF-4764-B0B4-3325ABD1691A}.Release|Any CPU.ActiveCfg = Release|Any CPU
		{0E6DC316-BDEF-4764-B0B4-3325ABD1691A}.Release|Any CPU.Build.0 = Release|Any CPU
		{D59DEBBD-1697-4B7E-8E38-3DA2B9FADEB2}.Debug|Any CPU.ActiveCfg = Debug|Any CPU
		{D59DEBBD-1697-4B7E-8E38-3DA2B9FADEB2}.Debug|Any CPU.Build.0 = Debug|Any CPU
		{D59DEBBD-1697-4B7E-8E38-3DA2B9FADEB2}.Release|Any CPU.ActiveCfg = Release|Any CPU
		{D59DEBBD-1697-4B7E-8E38-3DA2B9FADEB2}.Release|Any CPU.Build.0 = Release|Any CPU
		{67048C6C-4D2A-46A7-BBC8-7B1408523235}.Debug|Any CPU.ActiveCfg = Debug|Any CPU
		{67048C6C-4D2A-46A7-BBC8-7B1408523235}.Debug|Any CPU.Build.0 = Debug|Any CPU
		{67048C6C-4D2A-46A7-BBC8-7B1408523235}.Release|Any CPU.ActiveCfg = Release|Any CPU
		{67048C6C-4D2A-46A7-BBC8-7B1408523235}.Release|Any CPU.Build.0 = Release|Any CPU
		{3701EC13-F4ED-4322-A9D2-075E0011B5D1}.Debug|Any CPU.ActiveCfg = Debug|Any CPU
		{3701EC13-F4ED-4322-A9D2-075E0011B5D1}.Debug|Any CPU.Build.0 = Debug|Any CPU
		{3701EC13-F4ED-4322-A9D2-075E0011B5D1}.Release|Any CPU.ActiveCfg = Release|Any CPU
		{3701EC13-F4ED-4322-A9D2-075E0011B5D1}.Release|Any CPU.Build.0 = Release|Any CPU
		{5A0B6835-ADD7-4776-847B-B2F756EFFCA9}.Debug|Any CPU.ActiveCfg = Debug|Any CPU
		{5A0B6835-ADD7-4776-847B-B2F756EFFCA9}.Debug|Any CPU.Build.0 = Debug|Any CPU
		{5A0B6835-ADD7-4776-847B-B2F756EFFCA9}.Release|Any CPU.ActiveCfg = Release|Any CPU
		{5A0B6835-ADD7-4776-847B-B2F756EFFCA9}.Release|Any CPU.Build.0 = Release|Any CPU
		{8E43B17B-4A2C-43D2-B9E8-E9A488D85596}.Debug|Any CPU.ActiveCfg = Debug|Any CPU
		{8E43B17B-4A2C-43D2-B9E8-E9A488D85596}.Debug|Any CPU.Build.0 = Debug|Any CPU
		{8E43B17B-4A2C-43D2-B9E8-E9A488D85596}.Release|Any CPU.ActiveCfg = Release|Any CPU
		{8E43B17B-4A2C-43D2-B9E8-E9A488D85596}.Release|Any CPU.Build.0 = Release|Any CPU
		{62A8A5DB-B36C-4C43-8C63-9815F42AF42F}.Debug|Any CPU.ActiveCfg = Debug|Any CPU
		{62A8A5DB-B36C-4C43-8C63-9815F42AF42F}.Debug|Any CPU.Build.0 = Debug|Any CPU
		{62A8A5DB-B36C-4C43-8C63-9815F42AF42F}.Release|Any CPU.ActiveCfg = Release|Any CPU
		{62A8A5DB-B36C-4C43-8C63-9815F42AF42F}.Release|Any CPU.Build.0 = Release|Any CPU
		{6FA580BB-8220-425D-87A7-E2F454A1B2CE}.Debug|Any CPU.ActiveCfg = Debug|Any CPU
		{6FA580BB-8220-425D-87A7-E2F454A1B2CE}.Debug|Any CPU.Build.0 = Debug|Any CPU
		{6FA580BB-8220-425D-87A7-E2F454A1B2CE}.Release|Any CPU.ActiveCfg = Release|Any CPU
		{6FA580BB-8220-425D-87A7-E2F454A1B2CE}.Release|Any CPU.Build.0 = Release|Any CPU
		{30F81937-DE69-442F-B08F-D6DBA57EF437}.Debug|Any CPU.ActiveCfg = Debug|Any CPU
		{30F81937-DE69-442F-B08F-D6DBA57EF437}.Debug|Any CPU.Build.0 = Debug|Any CPU
		{30F81937-DE69-442F-B08F-D6DBA57EF437}.Release|Any CPU.ActiveCfg = Release|Any CPU
		{30F81937-DE69-442F-B08F-D6DBA57EF437}.Release|Any CPU.Build.0 = Release|Any CPU
		{B30C98FC-E9F4-47E0-9FEB-F98A5282A69C}.Debug|Any CPU.ActiveCfg = Debug|Any CPU
		{B30C98FC-E9F4-47E0-9FEB-F98A5282A69C}.Debug|Any CPU.Build.0 = Debug|Any CPU
		{B30C98FC-E9F4-47E0-9FEB-F98A5282A69C}.Release|Any CPU.ActiveCfg = Release|Any CPU
		{B30C98FC-E9F4-47E0-9FEB-F98A5282A69C}.Release|Any CPU.Build.0 = Release|Any CPU
		{EDBC2C48-794C-4F35-A147-ABDEF4B28B9A}.Debug|Any CPU.ActiveCfg = Debug|Any CPU
		{EDBC2C48-794C-4F35-A147-ABDEF4B28B9A}.Debug|Any CPU.Build.0 = Debug|Any CPU
		{EDBC2C48-794C-4F35-A147-ABDEF4B28B9A}.Release|Any CPU.ActiveCfg = Release|Any CPU
		{EDBC2C48-794C-4F35-A147-ABDEF4B28B9A}.Release|Any CPU.Build.0 = Release|Any CPU
		{07CD9158-B325-4579-9F28-D5CC8D60DEED}.Debug|Any CPU.ActiveCfg = Debug|Any CPU
		{07CD9158-B325-4579-9F28-D5CC8D60DEED}.Debug|Any CPU.Build.0 = Debug|Any CPU
		{07CD9158-B325-4579-9F28-D5CC8D60DEED}.Release|Any CPU.ActiveCfg = Release|Any CPU
		{07CD9158-B325-4579-9F28-D5CC8D60DEED}.Release|Any CPU.Build.0 = Release|Any CPU
		{48AC42EE-A1E9-46B7-B420-4EFD12D7446A}.Debug|Any CPU.ActiveCfg = Debug|Any CPU
		{48AC42EE-A1E9-46B7-B420-4EFD12D7446A}.Debug|Any CPU.Build.0 = Debug|Any CPU
		{48AC42EE-A1E9-46B7-B420-4EFD12D7446A}.Release|Any CPU.ActiveCfg = Release|Any CPU
		{48AC42EE-A1E9-46B7-B420-4EFD12D7446A}.Release|Any CPU.Build.0 = Release|Any CPU
	EndGlobalSection
	GlobalSection(SolutionProperties) = preSolution
		HideSolutionNode = FALSE
	EndGlobalSection
	GlobalSection(NestedProjects) = preSolution
		{DFCC335E-AA84-4657-996B-0026AA0A7A16} = {27BA55A7-43EB-452A-AF22-4582852DCEE5}
		{896D018B-F2D6-43E8-95B4-0BDD807BFA74} = {6EE460EE-2790-4187-8FB0-F8D81B6EB511}
		{27C1EB28-82B0-4481-8DCC-4AD8F44AB9E4} = {2E59DF67-77E9-44E4-BB61-0E383B8D9B33}
		{921FAFCC-97C2-427B-B20F-4775D050CEBF} = {D599BB40-A029-4E5F-ADB1-F368F075CDCF}
		{BAF4AED5-AD61-43F5-BED9-E7B35A7EC4AE} = {7EBC08BD-160D-4477-8824-E0A9BDC2E433}
		{5452AD78-FF78-4770-8FF7-0DD85C88EB54} = {DED23F2E-B81D-4225-8E73-8D2D13C94636}
		{F05A9E29-520B-45CF-A124-A3EE2EE25E0A} = {BB617A56-1538-493C-97DC-226CCDAED8CD}
		{7EBD15A5-FB01-4D6B-BCAC-3AA0DA335F8B} = {70800C7F-7D76-4D74-9D2C-FD4167AAC2C8}
		{1613A50C-4627-4DAF-BF9B-281F04FDFFAA} = {7EBD15A5-FB01-4D6B-BCAC-3AA0DA335F8B}
		{8C43FCCB-EAA8-4520-B4CA-96FC3ABD4399} = {7EBD15A5-FB01-4D6B-BCAC-3AA0DA335F8B}
		{1C3E35E0-185E-47B2-A6C1-945D0CE9DF9F} = {7EBD15A5-FB01-4D6B-BCAC-3AA0DA335F8B}
		{0E6DC316-BDEF-4764-B0B4-3325ABD1691A} = {7EBD15A5-FB01-4D6B-BCAC-3AA0DA335F8B}
		{8804A263-58D4-482E-B215-D1262BD301A4} = {70800C7F-7D76-4D74-9D2C-FD4167AAC2C8}
		{D59DEBBD-1697-4B7E-8E38-3DA2B9FADEB2} = {8804A263-58D4-482E-B215-D1262BD301A4}
		{67048C6C-4D2A-46A7-BBC8-7B1408523235} = {8804A263-58D4-482E-B215-D1262BD301A4}
		{3701EC13-F4ED-4322-A9D2-075E0011B5D1} = {8804A263-58D4-482E-B215-D1262BD301A4}
		{5A0B6835-ADD7-4776-847B-B2F756EFFCA9} = {8804A263-58D4-482E-B215-D1262BD301A4}
		{8E43B17B-4A2C-43D2-B9E8-E9A488D85596} = {8804A263-58D4-482E-B215-D1262BD301A4}
		{62A8A5DB-B36C-4C43-8C63-9815F42AF42F} = {7EBD15A5-FB01-4D6B-BCAC-3AA0DA335F8B}
		{6FA580BB-8220-425D-87A7-E2F454A1B2CE} = {E297637E-93DC-4C40-8E26-78FD907EAC8E}
		{30F81937-DE69-442F-B08F-D6DBA57EF437} = {FBDF1CCE-B759-4AF0-B555-705C316E2593}
		{B30C98FC-E9F4-47E0-9FEB-F98A5282A69C} = {DED23F2E-B81D-4225-8E73-8D2D13C94636}
		{EDBC2C48-794C-4F35-A147-ABDEF4B28B9A} = {2EF372E2-E481-40CE-AC18-9318FC5B72CB}
		{07CD9158-B325-4579-9F28-D5CC8D60DEED} = {9740EA29-DBB0-4129-AD55-A42843D38AB4}
		{48AC42EE-A1E9-46B7-B420-4EFD12D7446A} = {6583CED9-C7F1-4A32-88ED-546AFF9C4014}
	EndGlobalSection
	GlobalSection(ExtensibilityGlobals) = postSolution
		SolutionGuid = {15A59441-E797-4743-A49A-8168566CEEFE}
	EndGlobalSection
EndGlobal
